%{
  "broadway": {:hex, :broadway, "0.6.2", "ef8e0d257420c72f0e600958cf95556835d9921ad14be333493083226458791a", [:mix], [{:gen_stage, "~> 1.0", [hex: :gen_stage, repo: "hexpm", optional: false]}, {:telemetry, "~> 0.4.0", [hex: :telemetry, repo: "hexpm", optional: false]}], "hexpm", "f4f93704304a736c984cd6ed884f697415f68eb50906f4dc5d641926366ad8fa"},
  "broadway_kafka": {:hex, :broadway_kafka, "0.1.4", "d05313dc751b4c17e6258215595c47997721d098231adf1d5b6ab26ed00bd26d", [:mix], [{:broadway, "~> 0.6.0", [hex: :broadway, repo: "hexpm", optional: false]}, {:brod, "~> 3.10", [hex: :brod, repo: "hexpm", optional: false]}], "hexpm", "8b3ad2ccbc063f3d6317b8b436b5e1fc6b2fb1c7310394fa5d261e9e4a311b9a"},
  "brod": {:hex, :brod, "3.15.6", "00a2d729855c6583a65a3ebb02c22047e1a8265d8de6991f77f4c7cf9b4ee88e", [:rebar3], [{:kafka_protocol, "2.3.6", [hex: :kafka_protocol, repo: "hexpm", optional: false]}, {:supervisor3, "1.1.11", [hex: :supervisor3, repo: "hexpm", optional: false]}], "hexpm", "67d475cf902bd13c209cebf0e4763b1812afc77c96428624225c4aeb3c045938"},
  "crc32cer": {:hex, :crc32cer, "0.1.8", "c6c2275c5fb60a95f4935d414f30b50ee9cfed494081c9b36ebb02edfc2f48db", [:rebar3], [], "hexpm", "251499085482920deb6c9b7aadabf9fb4c432f96add97ab42aee4501e5b6f591"},
  "gen_stage": {:hex, :gen_stage, "1.1.1", "78d83b14ca742f4c252770bcdf674d83378ca41579c387c57e2f06d70f596317", [:mix], [], "hexpm", "eb90d2d72609050a66ce42b7d4a69323a60c892a09ead0680d5d8ef16b9a034e"},
  "jason": {:hex, :jason, "1.2.2", "ba43e3f2709fd1aa1dce90aaabfd039d000469c05c56f0b8e31978e03fa39052", [:mix], [{:decimal, "~> 1.0 or ~> 2.0", [hex: :decimal, repo: "hexpm", optional: true]}], "hexpm", "18a228f5f0058ee183f29f9eae0805c6e59d61c3b006760668d8d18ff0d12179"},
  "kafka_protocol": {:hex, :kafka_protocol, "2.4.1", "9e89afc740f57d17bec33f0f21dc23e7cbfd8c9ed3b0d6b9fc3a6bd4a827c088", [:rebar, :rebar3], [{:crc32cer, "0.1.8", [hex: :crc32cer, repo: "hexpm", optional: false]}, {:snappyer, "1.2.6", [hex: :snappyer, repo: "hexpm", optional: false]}], "hexpm", "86c9e1c6496273a6d1a02dc0e6ef7479d70441d526970abe667e2cf4deb1df21"},
  "poison": {:hex, :poison, "5.0.0", "d2b54589ab4157bbb82ec2050757779bfed724463a544b6e20d79855a9e43b24", [:mix], [{:decimal, "~> 2.0", [hex: :decimal, repo: "hexpm", optional: true]}], "hexpm", "11dc6117c501b80c62a7594f941d043982a1bd05a1184280c0d9166eb4d8d3fc"},
  "snappyer": {:hex, :snappyer, "1.2.6", "34181e3233f68a92044e176fe96e54fee7957acc2be554f0460d799c495166c2", [:rebar3], [], "hexpm", "d538d1e8892af09dc8b2771b2652c9d70f009cd1556246b3e22706df643f47b4"},
  "supervisor3": {:hex, :supervisor3, "1.1.11", "d81cdec31d102fde407423e1d05b569572850deebed86b951d5233c387cba80b", [:rebar3], [], "hexpm", "e6c2dedbcabcba24995a218aca12db5e208b80d3252692b22ef0f1a266104b50"},
  "telemetry": {:hex, :telemetry, "0.4.3", "a06428a514bdbc63293cd9a6263aad00ddeb66f608163bdec7c8995784080818", [:rebar3], [], "hexpm", "eb72b8365ffda5bed68a620d1da88525e326cb82a75ee61354fc24b844768041"},
  "typed_struct": {:hex, :typed_struct, "0.2.1", "e1993414c371f09ff25231393b6430bd89d780e2a499ae3b2d2b00852f593d97", [:mix], [], "hexpm", "8f5218c35ec38262f627b2c522542f1eae41f625f92649c0af701a6fab2e11b3"},
}
